// !$*UTF8*$!
{
	archiveVersion = 1;
	classes = {
	};
	objectVersion = 56;
	objects = {

/* Begin PBXBuildFile section */
		2200E58F33C6A66D77870D0B /* Pods_Gitly.framework in Frameworks */ = {isa = PBXBuildFile; fileRef = AB65DE25A202FEAC114ADD48 /* Pods_Gitly.framework */; };
		8A44AF442B264F7200B03DDD /* Apollo in Frameworks */ = {isa = PBXBuildFile; productRef = 8A44AF432B264F7200B03DDD /* Apollo */; };
		8A44AF482B26502100B03DDD /* PinnedRepositoriesQuery.graphql in Resources */ = {isa = PBXBuildFile; fileRef = 8A44AF472B26502100B03DDD /* PinnedRepositoriesQuery.graphql */; };
		8ACEDB3D2B26597B002B573D /* GithubGraphQlApi in Frameworks */ = {isa = PBXBuildFile; productRef = 8ACEDB3C2B26597B002B573D /* GithubGraphQlApi */; };
		8AD6069F2B2498840058E90A /* GitlyApp.swift in Sources */ = {isa = PBXBuildFile; fileRef = 8AD6069E2B2498840058E90A /* GitlyApp.swift */; };
		8AD606A12B2498840058E90A /* OnBoardingScreen.swift in Sources */ = {isa = PBXBuildFile; fileRef = 8AD606A02B2498840058E90A /* OnBoardingScreen.swift */; };
		8AD606A52B2498850058E90A /* Assets.xcassets in Resources */ = {isa = PBXBuildFile; fileRef = 8AD606A42B2498850058E90A /* Assets.xcassets */; };
		8AD606A82B2498850058E90A /* Preview Assets.xcassets in Resources */ = {isa = PBXBuildFile; fileRef = 8AD606A72B2498850058E90A /* Preview Assets.xcassets */; };
		8AD606E42B24AA2C0058E90A /* schema.json in Resources */ = {isa = PBXBuildFile; fileRef = 8AD606E32B24AA2C0058E90A /* schema.json */; };
		8AEF3C052B265B0F005517AC /* GitlyApiManager.swift in Sources */ = {isa = PBXBuildFile; fileRef = 8AEF3C042B265B0F005517AC /* GitlyApiManager.swift */; };
		8AEF3C092B265B3F005517AC /* GitlyStorageKeysManager.swift in Sources */ = {isa = PBXBuildFile; fileRef = 8AEF3C082B265B3F005517AC /* GitlyStorageKeysManager.swift */; };
		8AEF3C0D2B266448005517AC /* LoginScreen.swift in Sources */ = {isa = PBXBuildFile; fileRef = 8AEF3C0C2B266448005517AC /* LoginScreen.swift */; };
		8AEF3C0F2B26CC33005517AC /* GetUserInformationByUserNameQuery.graphql in Resources */ = {isa = PBXBuildFile; fileRef = 8AEF3C0E2B26CC33005517AC /* GetUserInformationByUserNameQuery.graphql */; };
		8AEF3C122B26CC66005517AC /* AuthViewModel.swift in Sources */ = {isa = PBXBuildFile; fileRef = 8AEF3C112B26CC66005517AC /* AuthViewModel.swift */; };
		8AEF3C142B26CC87005517AC /* GitlyUserQueriesImplementation.swift in Sources */ = {isa = PBXBuildFile; fileRef = 8AEF3C132B26CC87005517AC /* GitlyUserQueriesImplementation.swift */; };
		8AEF3C162B26CEC1005517AC /* BannerModifier.swift in Sources */ = {isa = PBXBuildFile; fileRef = 8AEF3C152B26CEC1005517AC /* BannerModifier.swift */; };
		8AEF3C182B26D728005517AC /* HomeScreen.swift in Sources */ = {isa = PBXBuildFile; fileRef = 8AEF3C172B26D728005517AC /* HomeScreen.swift */; };
		8AEF3C1A2B26D957005517AC /* GitlyScreenNavigationView.swift in Sources */ = {isa = PBXBuildFile; fileRef = 8AEF3C192B26D957005517AC /* GitlyScreenNavigationView.swift */; };
		8AEF3C1D2B26D973005517AC /* GitlyScreenNavigationItem.swift in Sources */ = {isa = PBXBuildFile; fileRef = 8AEF3C1C2B26D973005517AC /* GitlyScreenNavigationItem.swift */; };
		8AEF3C212B26E542005517AC /* HomeTabView.swift in Sources */ = {isa = PBXBuildFile; fileRef = 8AEF3C202B26E542005517AC /* HomeTabView.swift */; };
		8AEF3C232B26E54C005517AC /* NotificationsTabView.swift in Sources */ = {isa = PBXBuildFile; fileRef = 8AEF3C222B26E54C005517AC /* NotificationsTabView.swift */; };
		8AEF3C252B26E556005517AC /* ExploreTabView.swift in Sources */ = {isa = PBXBuildFile; fileRef = 8AEF3C242B26E556005517AC /* ExploreTabView.swift */; };
		8AEF3C272B26E560005517AC /* ProfileTabView.swift in Sources */ = {isa = PBXBuildFile; fileRef = 8AEF3C262B26E560005517AC /* ProfileTabView.swift */; };
		8AEF3C292B26E78C005517AC /* HomeScreenViewModel.swift in Sources */ = {isa = PBXBuildFile; fileRef = 8AEF3C282B26E78C005517AC /* HomeScreenViewModel.swift */; };
		8AEF3C2B2B26E797005517AC /* ProfileViewModel.swift in Sources */ = {isa = PBXBuildFile; fileRef = 8AEF3C2A2B26E797005517AC /* ProfileViewModel.swift */; };
		8AEF3C2D2B26E7E0005517AC /* ProfileScreenItem.swift in Sources */ = {isa = PBXBuildFile; fileRef = 8AEF3C2C2B26E7E0005517AC /* ProfileScreenItem.swift */; };
		8AEF3C2F2B26EADD005517AC /* GitlyRepositoriesQueriesImplementation.swift in Sources */ = {isa = PBXBuildFile; fileRef = 8AEF3C2E2B26EADD005517AC /* GitlyRepositoriesQueriesImplementation.swift */; };
		8AEF3C312B26F849005517AC /* ProfileViewCell.swift in Sources */ = {isa = PBXBuildFile; fileRef = 8AEF3C302B26F849005517AC /* ProfileViewCell.swift */; };
		8AEF3C332B26FC55005517AC /* ImageView.swift in Sources */ = {isa = PBXBuildFile; fileRef = 8AEF3C322B26FC55005517AC /* ImageView.swift */; };
		8AEF3C352B2790EC005517AC /* FollowingsScreen.swift in Sources */ = {isa = PBXBuildFile; fileRef = 8AEF3C342B2790EC005517AC /* FollowingsScreen.swift */; };
		8AEF3C372B279104005517AC /* FollowingsType.swift in Sources */ = {isa = PBXBuildFile; fileRef = 8AEF3C362B279104005517AC /* FollowingsType.swift */; };
		8AEF3C392B279132005517AC /* FollowingsViewModel.swift in Sources */ = {isa = PBXBuildFile; fileRef = 8AEF3C382B279132005517AC /* FollowingsViewModel.swift */; };
		8AEF3C3B2B27914C005517AC /* UserEntity.swift in Sources */ = {isa = PBXBuildFile; fileRef = 8AEF3C3A2B27914C005517AC /* UserEntity.swift */; };
		8AEF3C3D2B2791EE005517AC /* GetFollowersByUserNameQuery.graphql in Resources */ = {isa = PBXBuildFile; fileRef = 8AEF3C3C2B2791EE005517AC /* GetFollowersByUserNameQuery.graphql */; };
		8AEF3C3F2B279308005517AC /* GetFollowingsByUserNameQuery.graphql in Resources */ = {isa = PBXBuildFile; fileRef = 8AEF3C3E2B279308005517AC /* GetFollowingsByUserNameQuery.graphql */; };
		8AEF3C442B279C55005517AC /* GetFollowersFirstPageQuery.graphql in Resources */ = {isa = PBXBuildFile; fileRef = 8AEF3C432B279C55005517AC /* GetFollowersFirstPageQuery.graphql */; };
		8AEF3C462B279CE4005517AC /* GetFollowingsFirstPageQuery.graphql in Resources */ = {isa = PBXBuildFile; fileRef = 8AEF3C452B279CE4005517AC /* GetFollowingsFirstPageQuery.graphql */; };
		8AEF3C492B279F42005517AC /* UsersScreenListView.swift in Sources */ = {isa = PBXBuildFile; fileRef = 8AEF3C482B279F42005517AC /* UsersScreenListView.swift */; };
/* End PBXBuildFile section */

/* Begin PBXContainerItemProxy section */
		8AD606AE2B2498850058E90A /* PBXContainerItemProxy */ = {
			isa = PBXContainerItemProxy;
			containerPortal = 8AD606932B2498840058E90A /* Project object */;
			proxyType = 1;
			remoteGlobalIDString = 8AD6069A2B2498840058E90A;
			remoteInfo = Gitly;
		};
		8AD606B82B2498850058E90A /* PBXContainerItemProxy */ = {
			isa = PBXContainerItemProxy;
			containerPortal = 8AD606932B2498840058E90A /* Project object */;
			proxyType = 1;
			remoteGlobalIDString = 8AD6069A2B2498840058E90A;
			remoteInfo = Gitly;
		};
/* End PBXContainerItemProxy section */

/* Begin PBXFileReference section */
		0EB5D44ABBA84CBE653311D9 /* Pods-Gitly.release.xcconfig */ = {isa = PBXFileReference; includeInIndex = 1; lastKnownFileType = text.xcconfig; name = "Pods-Gitly.release.xcconfig"; path = "Target Support Files/Pods-Gitly/Pods-Gitly.release.xcconfig"; sourceTree = "<group>"; };
		389BE96631254637EC7F6588 /* Pods-Gitly.debug.xcconfig */ = {isa = PBXFileReference; includeInIndex = 1; lastKnownFileType = text.xcconfig; name = "Pods-Gitly.debug.xcconfig"; path = "Target Support Files/Pods-Gitly/Pods-Gitly.debug.xcconfig"; sourceTree = "<group>"; };
		8A44AF472B26502100B03DDD /* PinnedRepositoriesQuery.graphql */ = {isa = PBXFileReference; lastKnownFileType = text; path = PinnedRepositoriesQuery.graphql; sourceTree = "<group>"; };
		8ACEDB3B2B265967002B573D /* GithubGraphQlApi */ = {isa = PBXFileReference; lastKnownFileType = wrapper; path = GithubGraphQlApi; sourceTree = "<group>"; };
		8AD6069B2B2498840058E90A /* Gitly.app */ = {isa = PBXFileReference; explicitFileType = wrapper.application; includeInIndex = 0; path = Gitly.app; sourceTree = BUILT_PRODUCTS_DIR; };
		8AD6069E2B2498840058E90A /* GitlyApp.swift */ = {isa = PBXFileReference; lastKnownFileType = sourcecode.swift; path = GitlyApp.swift; sourceTree = "<group>"; };
		8AD606A02B2498840058E90A /* OnBoardingScreen.swift */ = {isa = PBXFileReference; lastKnownFileType = sourcecode.swift; path = OnBoardingScreen.swift; sourceTree = "<group>"; };
		8AD606A42B2498850058E90A /* Assets.xcassets */ = {isa = PBXFileReference; lastKnownFileType = folder.assetcatalog; path = Assets.xcassets; sourceTree = "<group>"; };
		8AD606A72B2498850058E90A /* Preview Assets.xcassets */ = {isa = PBXFileReference; lastKnownFileType = folder.assetcatalog; path = "Preview Assets.xcassets"; sourceTree = "<group>"; };
		8AD606AD2B2498850058E90A /* GitlyTests.xctest */ = {isa = PBXFileReference; explicitFileType = wrapper.cfbundle; includeInIndex = 0; path = GitlyTests.xctest; sourceTree = BUILT_PRODUCTS_DIR; };
		8AD606B72B2498850058E90A /* GitlyUITests.xctest */ = {isa = PBXFileReference; explicitFileType = wrapper.cfbundle; includeInIndex = 0; path = GitlyUITests.xctest; sourceTree = BUILT_PRODUCTS_DIR; };
		8AD606E32B24AA2C0058E90A /* schema.json */ = {isa = PBXFileReference; fileEncoding = 4; lastKnownFileType = text.json; path = schema.json; sourceTree = "<group>"; };
		8AEF3C042B265B0F005517AC /* GitlyApiManager.swift */ = {isa = PBXFileReference; lastKnownFileType = sourcecode.swift; path = GitlyApiManager.swift; sourceTree = "<group>"; };
		8AEF3C082B265B3F005517AC /* GitlyStorageKeysManager.swift */ = {isa = PBXFileReference; lastKnownFileType = sourcecode.swift; path = GitlyStorageKeysManager.swift; sourceTree = "<group>"; };
		8AEF3C0C2B266448005517AC /* LoginScreen.swift */ = {isa = PBXFileReference; lastKnownFileType = sourcecode.swift; path = LoginScreen.swift; sourceTree = "<group>"; };
		8AEF3C0E2B26CC33005517AC /* GetUserInformationByUserNameQuery.graphql */ = {isa = PBXFileReference; lastKnownFileType = text; path = GetUserInformationByUserNameQuery.graphql; sourceTree = "<group>"; };
		8AEF3C112B26CC66005517AC /* AuthViewModel.swift */ = {isa = PBXFileReference; lastKnownFileType = sourcecode.swift; path = AuthViewModel.swift; sourceTree = "<group>"; };
		8AEF3C132B26CC87005517AC /* GitlyUserQueriesImplementation.swift */ = {isa = PBXFileReference; lastKnownFileType = sourcecode.swift; path = GitlyUserQueriesImplementation.swift; sourceTree = "<group>"; };
		8AEF3C152B26CEC1005517AC /* BannerModifier.swift */ = {isa = PBXFileReference; lastKnownFileType = sourcecode.swift; path = BannerModifier.swift; sourceTree = "<group>"; };
		8AEF3C172B26D728005517AC /* HomeScreen.swift */ = {isa = PBXFileReference; lastKnownFileType = sourcecode.swift; path = HomeScreen.swift; sourceTree = "<group>"; };
		8AEF3C192B26D957005517AC /* GitlyScreenNavigationView.swift */ = {isa = PBXFileReference; lastKnownFileType = sourcecode.swift; path = GitlyScreenNavigationView.swift; sourceTree = "<group>"; };
		8AEF3C1C2B26D973005517AC /* GitlyScreenNavigationItem.swift */ = {isa = PBXFileReference; lastKnownFileType = sourcecode.swift; path = GitlyScreenNavigationItem.swift; sourceTree = "<group>"; };
		8AEF3C202B26E542005517AC /* HomeTabView.swift */ = {isa = PBXFileReference; lastKnownFileType = sourcecode.swift; path = HomeTabView.swift; sourceTree = "<group>"; };
		8AEF3C222B26E54C005517AC /* NotificationsTabView.swift */ = {isa = PBXFileReference; lastKnownFileType = sourcecode.swift; path = NotificationsTabView.swift; sourceTree = "<group>"; };
		8AEF3C242B26E556005517AC /* ExploreTabView.swift */ = {isa = PBXFileReference; lastKnownFileType = sourcecode.swift; path = ExploreTabView.swift; sourceTree = "<group>"; };
		8AEF3C262B26E560005517AC /* ProfileTabView.swift */ = {isa = PBXFileReference; lastKnownFileType = sourcecode.swift; path = ProfileTabView.swift; sourceTree = "<group>"; };
		8AEF3C282B26E78C005517AC /* HomeScreenViewModel.swift */ = {isa = PBXFileReference; lastKnownFileType = sourcecode.swift; path = HomeScreenViewModel.swift; sourceTree = "<group>"; };
		8AEF3C2A2B26E797005517AC /* ProfileViewModel.swift */ = {isa = PBXFileReference; lastKnownFileType = sourcecode.swift; path = ProfileViewModel.swift; sourceTree = "<group>"; };
		8AEF3C2C2B26E7E0005517AC /* ProfileScreenItem.swift */ = {isa = PBXFileReference; lastKnownFileType = sourcecode.swift; path = ProfileScreenItem.swift; sourceTree = "<group>"; };
		8AEF3C2E2B26EADD005517AC /* GitlyRepositoriesQueriesImplementation.swift */ = {isa = PBXFileReference; lastKnownFileType = sourcecode.swift; path = GitlyRepositoriesQueriesImplementation.swift; sourceTree = "<group>"; };
		8AEF3C302B26F849005517AC /* ProfileViewCell.swift */ = {isa = PBXFileReference; lastKnownFileType = sourcecode.swift; path = ProfileViewCell.swift; sourceTree = "<group>"; };
		8AEF3C322B26FC55005517AC /* ImageView.swift */ = {isa = PBXFileReference; lastKnownFileType = sourcecode.swift; path = ImageView.swift; sourceTree = "<group>"; };
		8AEF3C342B2790EC005517AC /* FollowingsScreen.swift */ = {isa = PBXFileReference; lastKnownFileType = sourcecode.swift; path = FollowingsScreen.swift; sourceTree = "<group>"; };
		8AEF3C362B279104005517AC /* FollowingsType.swift */ = {isa = PBXFileReference; lastKnownFileType = sourcecode.swift; path = FollowingsType.swift; sourceTree = "<group>"; };
		8AEF3C382B279132005517AC /* FollowingsViewModel.swift */ = {isa = PBXFileReference; lastKnownFileType = sourcecode.swift; path = FollowingsViewModel.swift; sourceTree = "<group>"; };
		8AEF3C3A2B27914C005517AC /* UserEntity.swift */ = {isa = PBXFileReference; lastKnownFileType = sourcecode.swift; path = UserEntity.swift; sourceTree = "<group>"; };
		8AEF3C3C2B2791EE005517AC /* GetFollowersByUserNameQuery.graphql */ = {isa = PBXFileReference; lastKnownFileType = text; path = GetFollowersByUserNameQuery.graphql; sourceTree = "<group>"; };
		8AEF3C3E2B279308005517AC /* GetFollowingsByUserNameQuery.graphql */ = {isa = PBXFileReference; lastKnownFileType = text; path = GetFollowingsByUserNameQuery.graphql; sourceTree = "<group>"; };
		8AEF3C432B279C55005517AC /* GetFollowersFirstPageQuery.graphql */ = {isa = PBXFileReference; lastKnownFileType = text; path = GetFollowersFirstPageQuery.graphql; sourceTree = "<group>"; };
		8AEF3C452B279CE4005517AC /* GetFollowingsFirstPageQuery.graphql */ = {isa = PBXFileReference; lastKnownFileType = text; path = GetFollowingsFirstPageQuery.graphql; sourceTree = "<group>"; };
		8AEF3C482B279F42005517AC /* UsersScreenListView.swift */ = {isa = PBXFileReference; lastKnownFileType = sourcecode.swift; path = UsersScreenListView.swift; sourceTree = "<group>"; };
		AB65DE25A202FEAC114ADD48 /* Pods_Gitly.framework */ = {isa = PBXFileReference; explicitFileType = wrapper.framework; includeInIndex = 0; path = Pods_Gitly.framework; sourceTree = BUILT_PRODUCTS_DIR; };
/* End PBXFileReference section */

/* Begin PBXFrameworksBuildPhase section */
		8AD606982B2498840058E90A /* Frameworks */ = {
			isa = PBXFrameworksBuildPhase;
			buildActionMask = 2147483647;
			files = (
				2200E58F33C6A66D77870D0B /* Pods_Gitly.framework in Frameworks */,
				8A44AF442B264F7200B03DDD /* Apollo in Frameworks */,
				8ACEDB3D2B26597B002B573D /* GithubGraphQlApi in Frameworks */,
			);
			runOnlyForDeploymentPostprocessing = 0;
		};
		8AD606AA2B2498850058E90A /* Frameworks */ = {
			isa = PBXFrameworksBuildPhase;
			buildActionMask = 2147483647;
			files = (
			);
			runOnlyForDeploymentPostprocessing = 0;
		};
		8AD606B42B2498850058E90A /* Frameworks */ = {
			isa = PBXFrameworksBuildPhase;
			buildActionMask = 2147483647;
			files = (
			);
			runOnlyForDeploymentPostprocessing = 0;
		};
/* End PBXFrameworksBuildPhase section */

/* Begin PBXGroup section */
		4E505737CE135EFADD2B1840 /* Frameworks */ = {
			isa = PBXGroup;
			children = (
				8ACEDB3B2B265967002B573D /* GithubGraphQlApi */,
				AB65DE25A202FEAC114ADD48 /* Pods_Gitly.framework */,
			);
			name = Frameworks;
			sourceTree = "<group>";
		};
		8A44AF462B264FFB00B03DDD /* Queries */ = {
			isa = PBXGroup;
			children = (
				8A44AF472B26502100B03DDD /* PinnedRepositoriesQuery.graphql */,
				8AEF3C0E2B26CC33005517AC /* GetUserInformationByUserNameQuery.graphql */,
				8AEF3C3C2B2791EE005517AC /* GetFollowersByUserNameQuery.graphql */,
				8AEF3C3E2B279308005517AC /* GetFollowingsByUserNameQuery.graphql */,
				8AEF3C432B279C55005517AC /* GetFollowersFirstPageQuery.graphql */,
				8AEF3C452B279CE4005517AC /* GetFollowingsFirstPageQuery.graphql */,
			);
			path = Queries;
			sourceTree = "<group>";
		};
		8AD606922B2498840058E90A = {
			isa = PBXGroup;
			children = (
				8AD606E32B24AA2C0058E90A /* schema.json */,
				8AD6069D2B2498840058E90A /* Gitly */,
				8AD6069C2B2498840058E90A /* Products */,
				AFCD8E8F012B14EFCC460E27 /* Pods */,
				4E505737CE135EFADD2B1840 /* Frameworks */,
			);
			sourceTree = "<group>";
		};
		8AD6069C2B2498840058E90A /* Products */ = {
			isa = PBXGroup;
			children = (
				8AD6069B2B2498840058E90A /* Gitly.app */,
				8AD606AD2B2498850058E90A /* GitlyTests.xctest */,
				8AD606B72B2498850058E90A /* GitlyUITests.xctest */,
			);
			name = Products;
			sourceTree = "<group>";
		};
		8AD6069D2B2498840058E90A /* Gitly */ = {
			isa = PBXGroup;
			children = (
				8AEF3C1E2B26E50C005517AC /* Features */,
				8AEF3C102B26CC58005517AC /* ViewModels */,
				8AEF3C032B265AD5005517AC /* Screens */,
				8AEF3C022B265ACD005517AC /* Views */,
				8AEF3C012B265ABF005517AC /* Data */,
				8A44AF462B264FFB00B03DDD /* Queries */,
				8AD6069E2B2498840058E90A /* GitlyApp.swift */,
				8AD606A42B2498850058E90A /* Assets.xcassets */,
				8AD606A62B2498850058E90A /* Preview Content */,
			);
			path = Gitly;
			sourceTree = "<group>";
		};
		8AD606A62B2498850058E90A /* Preview Content */ = {
			isa = PBXGroup;
			children = (
				8AD606A72B2498850058E90A /* Preview Assets.xcassets */,
			);
			path = "Preview Content";
			sourceTree = "<group>";
		};
		8AEF3C012B265ABF005517AC /* Data */ = {
			isa = PBXGroup;
			children = (
				8AEF3C1B2B26D964005517AC /* Models */,
				8AEF3C072B265B2A005517AC /* StorageImplementation */,
				8AEF3C062B265B1F005517AC /* QueriesImplementation */,
				8AEF3C042B265B0F005517AC /* GitlyApiManager.swift */,
			);
			path = Data;
			sourceTree = "<group>";
		};
		8AEF3C022B265ACD005517AC /* Views */ = {
			isa = PBXGroup;
			children = (
				8AEF3C152B26CEC1005517AC /* BannerModifier.swift */,
				8AEF3C302B26F849005517AC /* ProfileViewCell.swift */,
				8AEF3C322B26FC55005517AC /* ImageView.swift */,
			);
			path = Views;
			sourceTree = "<group>";
		};
		8AEF3C032B265AD5005517AC /* Screens */ = {
			isa = PBXGroup;
			children = (
				8AD606A02B2498840058E90A /* OnBoardingScreen.swift */,
				8AEF3C0C2B266448005517AC /* LoginScreen.swift */,
				8AEF3C172B26D728005517AC /* HomeScreen.swift */,
				8AEF3C192B26D957005517AC /* GitlyScreenNavigationView.swift */,
				8AEF3C342B2790EC005517AC /* FollowingsScreen.swift */,
			);
			path = Screens;
			sourceTree = "<group>";
		};
		8AEF3C062B265B1F005517AC /* QueriesImplementation */ = {
			isa = PBXGroup;
			children = (
				8AEF3C132B26CC87005517AC /* GitlyUserQueriesImplementation.swift */,
				8AEF3C2E2B26EADD005517AC /* GitlyRepositoriesQueriesImplementation.swift */,
			);
			path = QueriesImplementation;
			sourceTree = "<group>";
		};
		8AEF3C072B265B2A005517AC /* StorageImplementation */ = {
			isa = PBXGroup;
			children = (
				8AEF3C082B265B3F005517AC /* GitlyStorageKeysManager.swift */,
			);
			path = StorageImplementation;
			sourceTree = "<group>";
		};
		8AEF3C102B26CC58005517AC /* ViewModels */ = {
			isa = PBXGroup;
			children = (
				8AEF3C112B26CC66005517AC /* AuthViewModel.swift */,
				8AEF3C282B26E78C005517AC /* HomeScreenViewModel.swift */,
				8AEF3C2A2B26E797005517AC /* ProfileViewModel.swift */,
				8AEF3C382B279132005517AC /* FollowingsViewModel.swift */,
			);
			path = ViewModels;
			sourceTree = "<group>";
		};
		8AEF3C1B2B26D964005517AC /* Models */ = {
			isa = PBXGroup;
			children = (
				8AEF3C1C2B26D973005517AC /* GitlyScreenNavigationItem.swift */,
				8AEF3C2C2B26E7E0005517AC /* ProfileScreenItem.swift */,
				8AEF3C362B279104005517AC /* FollowingsType.swift */,
				8AEF3C3A2B27914C005517AC /* UserEntity.swift */,
			);
			path = Models;
			sourceTree = "<group>";
		};
		8AEF3C1E2B26E50C005517AC /* Features */ = {
			isa = PBXGroup;
			children = (
				8AEF3C472B279F28005517AC /* Users */,
				8AEF3C1F2B26E512005517AC /* Home */,
			);
			path = Features;
			sourceTree = "<group>";
		};
		8AEF3C1F2B26E512005517AC /* Home */ = {
			isa = PBXGroup;
			children = (
				8AEF3C202B26E542005517AC /* HomeTabView.swift */,
				8AEF3C222B26E54C005517AC /* NotificationsTabView.swift */,
				8AEF3C242B26E556005517AC /* ExploreTabView.swift */,
				8AEF3C262B26E560005517AC /* ProfileTabView.swift */,
			);
			path = Home;
			sourceTree = "<group>";
		};
		8AEF3C472B279F28005517AC /* Users */ = {
			isa = PBXGroup;
			children = (
				8AEF3C482B279F42005517AC /* UsersScreenListView.swift */,
			);
			path = Users;
			sourceTree = "<group>";
		};
		AFCD8E8F012B14EFCC460E27 /* Pods */ = {
			isa = PBXGroup;
			children = (
				389BE96631254637EC7F6588 /* Pods-Gitly.debug.xcconfig */,
				0EB5D44ABBA84CBE653311D9 /* Pods-Gitly.release.xcconfig */,
			);
			path = Pods;
			sourceTree = "<group>";
		};
/* End PBXGroup section */

/* Begin PBXNativeTarget section */
		8AD6069A2B2498840058E90A /* Gitly */ = {
			isa = PBXNativeTarget;
			buildConfigurationList = 8AD606C12B2498850058E90A /* Build configuration list for PBXNativeTarget "Gitly" */;
			buildPhases = (
				FC2ECEB398B6324DE066A84B /* [CP] Check Pods Manifest.lock */,
				8AD606972B2498840058E90A /* Sources */,
				8AD606982B2498840058E90A /* Frameworks */,
				8AD606992B2498840058E90A /* Resources */,
			);
			buildRules = (
			);
			dependencies = (
			);
			name = Gitly;
			packageProductDependencies = (
				8A44AF432B264F7200B03DDD /* Apollo */,
				8ACEDB3C2B26597B002B573D /* GithubGraphQlApi */,
			);
			productName = Gitly;
			productReference = 8AD6069B2B2498840058E90A /* Gitly.app */;
			productType = "com.apple.product-type.application";
		};
		8AD606AC2B2498850058E90A /* GitlyTests */ = {
			isa = PBXNativeTarget;
			buildConfigurationList = 8AD606C42B2498850058E90A /* Build configuration list for PBXNativeTarget "GitlyTests" */;
			buildPhases = (
				8AD606A92B2498850058E90A /* Sources */,
				8AD606AA2B2498850058E90A /* Frameworks */,
				8AD606AB2B2498850058E90A /* Resources */,
			);
			buildRules = (
			);
			dependencies = (
				8AD606AF2B2498850058E90A /* PBXTargetDependency */,
			);
			name = GitlyTests;
			productName = GitlyTests;
			productReference = 8AD606AD2B2498850058E90A /* GitlyTests.xctest */;
			productType = "com.apple.product-type.bundle.unit-test";
		};
		8AD606B62B2498850058E90A /* GitlyUITests */ = {
			isa = PBXNativeTarget;
			buildConfigurationList = 8AD606C72B2498850058E90A /* Build configuration list for PBXNativeTarget "GitlyUITests" */;
			buildPhases = (
				8AD606B32B2498850058E90A /* Sources */,
				8AD606B42B2498850058E90A /* Frameworks */,
				8AD606B52B2498850058E90A /* Resources */,
			);
			buildRules = (
			);
			dependencies = (
				8AD606B92B2498850058E90A /* PBXTargetDependency */,
			);
			name = GitlyUITests;
			productName = GitlyUITests;
			productReference = 8AD606B72B2498850058E90A /* GitlyUITests.xctest */;
			productType = "com.apple.product-type.bundle.ui-testing";
		};
/* End PBXNativeTarget section */

/* Begin PBXProject section */
		8AD606932B2498840058E90A /* Project object */ = {
			isa = PBXProject;
			attributes = {
				BuildIndependentTargetsInParallel = 1;
				LastSwiftUpdateCheck = 1500;
				LastUpgradeCheck = 1500;
				TargetAttributes = {
					8AD6069A2B2498840058E90A = {
						CreatedOnToolsVersion = 15.0.1;
					};
					8AD606AC2B2498850058E90A = {
						CreatedOnToolsVersion = 15.0.1;
						TestTargetID = 8AD6069A2B2498840058E90A;
					};
					8AD606B62B2498850058E90A = {
						CreatedOnToolsVersion = 15.0.1;
						TestTargetID = 8AD6069A2B2498840058E90A;
					};
				};
			};
			buildConfigurationList = 8AD606962B2498840058E90A /* Build configuration list for PBXProject "Gitly" */;
			compatibilityVersion = "Xcode 14.0";
			developmentRegion = en;
			hasScannedForEncodings = 0;
			knownRegions = (
				en,
				Base,
			);
			mainGroup = 8AD606922B2498840058E90A;
			packageReferences = (
				8A6711F62B263D2B006D4698 /* XCRemoteSwiftPackageReference "apollo-ios" */,
			);
			productRefGroup = 8AD6069C2B2498840058E90A /* Products */;
			projectDirPath = "";
			projectRoot = "";
			targets = (
				8AD6069A2B2498840058E90A /* Gitly */,
				8AD606AC2B2498850058E90A /* GitlyTests */,
				8AD606B62B2498850058E90A /* GitlyUITests */,
			);
		};
/* End PBXProject section */

/* Begin PBXResourcesBuildPhase section */
		8AD606992B2498840058E90A /* Resources */ = {
			isa = PBXResourcesBuildPhase;
			buildActionMask = 2147483647;
			files = (
				8AEF3C3D2B2791EE005517AC /* GetFollowersByUserNameQuery.graphql in Resources */,
				8AEF3C3F2B279308005517AC /* GetFollowingsByUserNameQuery.graphql in Resources */,
				8AEF3C442B279C55005517AC /* GetFollowersFirstPageQuery.graphql in Resources */,
				8A44AF482B26502100B03DDD /* PinnedRepositoriesQuery.graphql in Resources */,
				8AD606A82B2498850058E90A /* Preview Assets.xcassets in Resources */,
				8AD606E42B24AA2C0058E90A /* schema.json in Resources */,
				8AD606A52B2498850058E90A /* Assets.xcassets in Resources */,
				8AEF3C462B279CE4005517AC /* GetFollowingsFirstPageQuery.graphql in Resources */,
				8AEF3C0F2B26CC33005517AC /* GetUserInformationByUserNameQuery.graphql in Resources */,
			);
			runOnlyForDeploymentPostprocessing = 0;
		};
		8AD606AB2B2498850058E90A /* Resources */ = {
			isa = PBXResourcesBuildPhase;
			buildActionMask = 2147483647;
			files = (
			);
			runOnlyForDeploymentPostprocessing = 0;
		};
		8AD606B52B2498850058E90A /* Resources */ = {
			isa = PBXResourcesBuildPhase;
			buildActionMask = 2147483647;
			files = (
			);
			runOnlyForDeploymentPostprocessing = 0;
		};
/* End PBXResourcesBuildPhase section */

/* Begin PBXShellScriptBuildPhase section */
		FC2ECEB398B6324DE066A84B /* [CP] Check Pods Manifest.lock */ = {
			isa = PBXShellScriptBuildPhase;
			buildActionMask = 2147483647;
			files = (
			);
			inputFileListPaths = (
			);
			inputPaths = (
				"${PODS_PODFILE_DIR_PATH}/Podfile.lock",
				"${PODS_ROOT}/Manifest.lock",
			);
			name = "[CP] Check Pods Manifest.lock";
			outputFileListPaths = (
			);
			outputPaths = (
				"$(DERIVED_FILE_DIR)/Pods-Gitly-checkManifestLockResult.txt",
			);
			runOnlyForDeploymentPostprocessing = 0;
			shellPath = /bin/sh;
			shellScript = "diff \"${PODS_PODFILE_DIR_PATH}/Podfile.lock\" \"${PODS_ROOT}/Manifest.lock\" > /dev/null\nif [ $? != 0 ] ; then\n    # print error to STDERR\n    echo \"error: The sandbox is not in sync with the Podfile.lock. Run 'pod install' or update your CocoaPods installation.\" >&2\n    exit 1\nfi\n# This output is used by Xcode 'outputs' to avoid re-running this script phase.\necho \"SUCCESS\" > \"${SCRIPT_OUTPUT_FILE_0}\"\n";
			showEnvVarsInLog = 0;
		};
/* End PBXShellScriptBuildPhase section */

/* Begin PBXSourcesBuildPhase section */
		8AD606972B2498840058E90A /* Sources */ = {
			isa = PBXSourcesBuildPhase;
			buildActionMask = 2147483647;
			files = (
				8AEF3C2D2B26E7E0005517AC /* ProfileScreenItem.swift in Sources */,
				8AEF3C052B265B0F005517AC /* GitlyApiManager.swift in Sources */,
				8AEF3C272B26E560005517AC /* ProfileTabView.swift in Sources */,
				8AEF3C092B265B3F005517AC /* GitlyStorageKeysManager.swift in Sources */,
				8AEF3C392B279132005517AC /* FollowingsViewModel.swift in Sources */,
				8AEF3C312B26F849005517AC /* ProfileViewCell.swift in Sources */,
				8AEF3C252B26E556005517AC /* ExploreTabView.swift in Sources */,
				8AEF3C372B279104005517AC /* FollowingsType.swift in Sources */,
				8AEF3C122B26CC66005517AC /* AuthViewModel.swift in Sources */,
				8AEF3C212B26E542005517AC /* HomeTabView.swift in Sources */,
				8AD606A12B2498840058E90A /* OnBoardingScreen.swift in Sources */,
				8AEF3C232B26E54C005517AC /* NotificationsTabView.swift in Sources */,
				8AEF3C162B26CEC1005517AC /* BannerModifier.swift in Sources */,
				8AEF3C352B2790EC005517AC /* FollowingsScreen.swift in Sources */,
				8AEF3C292B26E78C005517AC /* HomeScreenViewModel.swift in Sources */,
				8AEF3C332B26FC55005517AC /* ImageView.swift in Sources */,
				8AEF3C182B26D728005517AC /* HomeScreen.swift in Sources */,
				8AEF3C1A2B26D957005517AC /* GitlyScreenNavigationView.swift in Sources */,
				8AEF3C1D2B26D973005517AC /* GitlyScreenNavigationItem.swift in Sources */,
				8AEF3C2F2B26EADD005517AC /* GitlyRepositoriesQueriesImplementation.swift in Sources */,
				8AEF3C2B2B26E797005517AC /* ProfileViewModel.swift in Sources */,
				8AEF3C492B279F42005517AC /* UsersScreenListView.swift in Sources */,
				8AEF3C142B26CC87005517AC /* GitlyUserQueriesImplementation.swift in Sources */,
				8AD6069F2B2498840058E90A /* GitlyApp.swift in Sources */,
				8AEF3C3B2B27914C005517AC /* UserEntity.swift in Sources */,
				8AEF3C0D2B266448005517AC /* LoginScreen.swift in Sources */,
			);
			runOnlyForDeploymentPostprocessing = 0;
		};
		8AD606A92B2498850058E90A /* Sources */ = {
			isa = PBXSourcesBuildPhase;
			buildActionMask = 2147483647;
			files = (
			);
			runOnlyForDeploymentPostprocessing = 0;
		};
		8AD606B32B2498850058E90A /* Sources */ = {
			isa = PBXSourcesBuildPhase;
			buildActionMask = 2147483647;
			files = (
			);
			runOnlyForDeploymentPostprocessing = 0;
		};
/* End PBXSourcesBuildPhase section */

/* Begin PBXTargetDependency section */
		8AD606AF2B2498850058E90A /* PBXTargetDependency */ = {
			isa = PBXTargetDependency;
			target = 8AD6069A2B2498840058E90A /* Gitly */;
			targetProxy = 8AD606AE2B2498850058E90A /* PBXContainerItemProxy */;
		};
		8AD606B92B2498850058E90A /* PBXTargetDependency */ = {
			isa = PBXTargetDependency;
			target = 8AD6069A2B2498840058E90A /* Gitly */;
			targetProxy = 8AD606B82B2498850058E90A /* PBXContainerItemProxy */;
		};
/* End PBXTargetDependency section */

/* Begin XCBuildConfiguration section */
		8AD606BF2B2498850058E90A /* Debug */ = {
			isa = XCBuildConfiguration;
			buildSettings = {
				ALWAYS_SEARCH_USER_PATHS = NO;
				ASSETCATALOG_COMPILER_GENERATE_SWIFT_ASSET_SYMBOL_EXTENSIONS = YES;
				CLANG_ANALYZER_NONNULL = YES;
				CLANG_ANALYZER_NUMBER_OBJECT_CONVERSION = YES_AGGRESSIVE;
				CLANG_CXX_LANGUAGE_STANDARD = "gnu++20";
				CLANG_ENABLE_MODULES = YES;
				CLANG_ENABLE_OBJC_ARC = YES;
				CLANG_ENABLE_OBJC_WEAK = YES;
				CLANG_WARN_BLOCK_CAPTURE_AUTORELEASING = YES;
				CLANG_WARN_BOOL_CONVERSION = YES;
				CLANG_WARN_COMMA = YES;
				CLANG_WARN_CONSTANT_CONVERSION = YES;
				CLANG_WARN_DEPRECATED_OBJC_IMPLEMENTATIONS = YES;
				CLANG_WARN_DIRECT_OBJC_ISA_USAGE = YES_ERROR;
				CLANG_WARN_DOCUMENTATION_COMMENTS = YES;
				CLANG_WARN_EMPTY_BODY = YES;
				CLANG_WARN_ENUM_CONVERSION = YES;
				CLANG_WARN_INFINITE_RECURSION = YES;
				CLANG_WARN_INT_CONVERSION = YES;
				CLANG_WARN_NON_LITERAL_NULL_CONVERSION = YES;
				CLANG_WARN_OBJC_IMPLICIT_RETAIN_SELF = YES;
				CLANG_WARN_OBJC_LITERAL_CONVERSION = YES;
				CLANG_WARN_OBJC_ROOT_CLASS = YES_ERROR;
				CLANG_WARN_QUOTED_INCLUDE_IN_FRAMEWORK_HEADER = YES;
				CLANG_WARN_RANGE_LOOP_ANALYSIS = YES;
				CLANG_WARN_STRICT_PROTOTYPES = YES;
				CLANG_WARN_SUSPICIOUS_MOVE = YES;
				CLANG_WARN_UNGUARDED_AVAILABILITY = YES_AGGRESSIVE;
				CLANG_WARN_UNREACHABLE_CODE = YES;
				CLANG_WARN__DUPLICATE_METHOD_MATCH = YES;
				COPY_PHASE_STRIP = NO;
				DEBUG_INFORMATION_FORMAT = dwarf;
				ENABLE_STRICT_OBJC_MSGSEND = YES;
				ENABLE_TESTABILITY = YES;
				ENABLE_USER_SCRIPT_SANDBOXING = YES;
				GCC_C_LANGUAGE_STANDARD = gnu17;
				GCC_DYNAMIC_NO_PIC = NO;
				GCC_NO_COMMON_BLOCKS = YES;
				GCC_OPTIMIZATION_LEVEL = 0;
				GCC_PREPROCESSOR_DEFINITIONS = (
					"DEBUG=1",
					"$(inherited)",
				);
				GCC_WARN_64_TO_32_BIT_CONVERSION = YES;
				GCC_WARN_ABOUT_RETURN_TYPE = YES_ERROR;
				GCC_WARN_UNDECLARED_SELECTOR = YES;
				GCC_WARN_UNINITIALIZED_AUTOS = YES_AGGRESSIVE;
				GCC_WARN_UNUSED_FUNCTION = YES;
				GCC_WARN_UNUSED_VARIABLE = YES;
				IPHONEOS_DEPLOYMENT_TARGET = 17.0;
				LOCALIZATION_PREFERS_STRING_CATALOGS = YES;
				MTL_ENABLE_DEBUG_INFO = INCLUDE_SOURCE;
				MTL_FAST_MATH = YES;
				ONLY_ACTIVE_ARCH = YES;
				SDKROOT = iphoneos;
				SWIFT_ACTIVE_COMPILATION_CONDITIONS = "DEBUG $(inherited)";
				SWIFT_OPTIMIZATION_LEVEL = "-Onone";
			};
			name = Debug;
		};
		8AD606C02B2498850058E90A /* Release */ = {
			isa = XCBuildConfiguration;
			buildSettings = {
				ALWAYS_SEARCH_USER_PATHS = NO;
				ASSETCATALOG_COMPILER_GENERATE_SWIFT_ASSET_SYMBOL_EXTENSIONS = YES;
				CLANG_ANALYZER_NONNULL = YES;
				CLANG_ANALYZER_NUMBER_OBJECT_CONVERSION = YES_AGGRESSIVE;
				CLANG_CXX_LANGUAGE_STANDARD = "gnu++20";
				CLANG_ENABLE_MODULES = YES;
				CLANG_ENABLE_OBJC_ARC = YES;
				CLANG_ENABLE_OBJC_WEAK = YES;
				CLANG_WARN_BLOCK_CAPTURE_AUTORELEASING = YES;
				CLANG_WARN_BOOL_CONVERSION = YES;
				CLANG_WARN_COMMA = YES;
				CLANG_WARN_CONSTANT_CONVERSION = YES;
				CLANG_WARN_DEPRECATED_OBJC_IMPLEMENTATIONS = YES;
				CLANG_WARN_DIRECT_OBJC_ISA_USAGE = YES_ERROR;
				CLANG_WARN_DOCUMENTATION_COMMENTS = YES;
				CLANG_WARN_EMPTY_BODY = YES;
				CLANG_WARN_ENUM_CONVERSION = YES;
				CLANG_WARN_INFINITE_RECURSION = YES;
				CLANG_WARN_INT_CONVERSION = YES;
				CLANG_WARN_NON_LITERAL_NULL_CONVERSION = YES;
				CLANG_WARN_OBJC_IMPLICIT_RETAIN_SELF = YES;
				CLANG_WARN_OBJC_LITERAL_CONVERSION = YES;
				CLANG_WARN_OBJC_ROOT_CLASS = YES_ERROR;
				CLANG_WARN_QUOTED_INCLUDE_IN_FRAMEWORK_HEADER = YES;
				CLANG_WARN_RANGE_LOOP_ANALYSIS = YES;
				CLANG_WARN_STRICT_PROTOTYPES = YES;
				CLANG_WARN_SUSPICIOUS_MOVE = YES;
				CLANG_WARN_UNGUARDED_AVAILABILITY = YES_AGGRESSIVE;
				CLANG_WARN_UNREACHABLE_CODE = YES;
				CLANG_WARN__DUPLICATE_METHOD_MATCH = YES;
				COPY_PHASE_STRIP = NO;
				DEBUG_INFORMATION_FORMAT = "dwarf-with-dsym";
				ENABLE_NS_ASSERTIONS = NO;
				ENABLE_STRICT_OBJC_MSGSEND = YES;
				ENABLE_USER_SCRIPT_SANDBOXING = YES;
				GCC_C_LANGUAGE_STANDARD = gnu17;
				GCC_NO_COMMON_BLOCKS = YES;
				GCC_WARN_64_TO_32_BIT_CONVERSION = YES;
				GCC_WARN_ABOUT_RETURN_TYPE = YES_ERROR;
				GCC_WARN_UNDECLARED_SELECTOR = YES;
				GCC_WARN_UNINITIALIZED_AUTOS = YES_AGGRESSIVE;
				GCC_WARN_UNUSED_FUNCTION = YES;
				GCC_WARN_UNUSED_VARIABLE = YES;
				IPHONEOS_DEPLOYMENT_TARGET = 17.0;
				LOCALIZATION_PREFERS_STRING_CATALOGS = YES;
				MTL_ENABLE_DEBUG_INFO = NO;
				MTL_FAST_MATH = YES;
				SDKROOT = iphoneos;
				SWIFT_COMPILATION_MODE = wholemodule;
				VALIDATE_PRODUCT = YES;
			};
			name = Release;
		};
		8AD606C22B2498850058E90A /* Debug */ = {
			isa = XCBuildConfiguration;
			baseConfigurationReference = 389BE96631254637EC7F6588 /* Pods-Gitly.debug.xcconfig */;
			buildSettings = {
				ASSETCATALOG_COMPILER_APPICON_NAME = AppIcon;
				ASSETCATALOG_COMPILER_GLOBAL_ACCENT_COLOR_NAME = AccentColor;
				CODE_SIGN_STYLE = Automatic;
				CURRENT_PROJECT_VERSION = 1;
				DEVELOPMENT_ASSET_PATHS = "\"Gitly/Preview Content\"";
				DEVELOPMENT_TEAM = U579RMQ3VY;
				ENABLE_PREVIEWS = YES;
				GENERATE_INFOPLIST_FILE = YES;
				INFOPLIST_KEY_UIApplicationSceneManifest_Generation = YES;
				INFOPLIST_KEY_UIApplicationSupportsIndirectInputEvents = YES;
				INFOPLIST_KEY_UILaunchScreen_Generation = YES;
				INFOPLIST_KEY_UISupportedInterfaceOrientations_iPad = "UIInterfaceOrientationPortrait UIInterfaceOrientationPortraitUpsideDown UIInterfaceOrientationLandscapeLeft UIInterfaceOrientationLandscapeRight";
				INFOPLIST_KEY_UISupportedInterfaceOrientations_iPhone = "UIInterfaceOrientationPortrait UIInterfaceOrientationLandscapeLeft UIInterfaceOrientationLandscapeRight";
				IPHONEOS_DEPLOYMENT_TARGET = 14.7;
				LD_RUNPATH_SEARCH_PATHS = (
					"$(inherited)",
					"@executable_path/Frameworks",
				);
				MARKETING_VERSION = 1.0;
				PRODUCT_BUNDLE_IDENTIFIER = com.yazantarifi.Gitly;
				PRODUCT_NAME = "$(TARGET_NAME)";
				SUPPORTED_PLATFORMS = "iphoneos iphonesimulator";
				SUPPORTS_MACCATALYST = NO;
				SUPPORTS_MAC_DESIGNED_FOR_IPHONE_IPAD = NO;
				SWIFT_EMIT_LOC_STRINGS = YES;
				SWIFT_VERSION = 5.0;
				TARGETED_DEVICE_FAMILY = 1;
			};
			name = Debug;
		};
		8AD606C32B2498850058E90A /* Release */ = {
			isa = XCBuildConfiguration;
			baseConfigurationReference = 0EB5D44ABBA84CBE653311D9 /* Pods-Gitly.release.xcconfig */;
			buildSettings = {
				ASSETCATALOG_COMPILER_APPICON_NAME = AppIcon;
				ASSETCATALOG_COMPILER_GLOBAL_ACCENT_COLOR_NAME = AccentColor;
				CODE_SIGN_STYLE = Automatic;
				CURRENT_PROJECT_VERSION = 1;
				DEVELOPMENT_ASSET_PATHS = "\"Gitly/Preview Content\"";
				DEVELOPMENT_TEAM = U579RMQ3VY;
				ENABLE_PREVIEWS = YES;
				GENERATE_INFOPLIST_FILE = YES;
				INFOPLIST_KEY_UIApplicationSceneManifest_Generation = YES;
				INFOPLIST_KEY_UIApplicationSupportsIndirectInputEvents = YES;
				INFOPLIST_KEY_UILaunchScreen_Generation = YES;
				INFOPLIST_KEY_UISupportedInterfaceOrientations_iPad = "UIInterfaceOrientationPortrait UIInterfaceOrientationPortraitUpsideDown UIInterfaceOrientationLandscapeLeft UIInterfaceOrientationLandscapeRight";
				INFOPLIST_KEY_UISupportedInterfaceOrientations_iPhone = "UIInterfaceOrientationPortrait UIInterfaceOrientationLandscapeLeft UIInterfaceOrientationLandscapeRight";
				IPHONEOS_DEPLOYMENT_TARGET = 14.7;
				LD_RUNPATH_SEARCH_PATHS = (
					"$(inherited)",
					"@executable_path/Frameworks",
				);
				MARKETING_VERSION = 1.0;
				PRODUCT_BUNDLE_IDENTIFIER = com.yazantarifi.Gitly;
				PRODUCT_NAME = "$(TARGET_NAME)";
				SUPPORTED_PLATFORMS = "iphoneos iphonesimulator";
				SUPPORTS_MACCATALYST = NO;
				SUPPORTS_MAC_DESIGNED_FOR_IPHONE_IPAD = NO;
				SWIFT_EMIT_LOC_STRINGS = YES;
				SWIFT_VERSION = 5.0;
				TARGETED_DEVICE_FAMILY = 1;
			};
			name = Release;
		};
		8AD606C52B2498850058E90A /* Debug */ = {
			isa = XCBuildConfiguration;
			buildSettings = {
				ALWAYS_EMBED_SWIFT_STANDARD_LIBRARIES = YES;
				BUNDLE_LOADER = "$(TEST_HOST)";
				CODE_SIGN_STYLE = Automatic;
				CURRENT_PROJECT_VERSION = 1;
				DEVELOPMENT_TEAM = U579RMQ3VY;
				GENERATE_INFOPLIST_FILE = YES;
				IPHONEOS_DEPLOYMENT_TARGET = 17.0;
				MARKETING_VERSION = 1.0;
				PRODUCT_BUNDLE_IDENTIFIER = com.yazantarifi.GitlyTests;
				PRODUCT_NAME = "$(TARGET_NAME)";
				SWIFT_EMIT_LOC_STRINGS = NO;
				SWIFT_VERSION = 5.0;
				TARGETED_DEVICE_FAMILY = "1,2";
				TEST_HOST = "$(BUILT_PRODUCTS_DIR)/Gitly.app/$(BUNDLE_EXECUTABLE_FOLDER_PATH)/Gitly";
			};
			name = Debug;
		};
		8AD606C62B2498850058E90A /* Release */ = {
			isa = XCBuildConfiguration;
			buildSettings = {
				ALWAYS_EMBED_SWIFT_STANDARD_LIBRARIES = YES;
				BUNDLE_LOADER = "$(TEST_HOST)";
				CODE_SIGN_STYLE = Automatic;
				CURRENT_PROJECT_VERSION = 1;
				DEVELOPMENT_TEAM = U579RMQ3VY;
				GENERATE_INFOPLIST_FILE = YES;
				IPHONEOS_DEPLOYMENT_TARGET = 17.0;
				MARKETING_VERSION = 1.0;
				PRODUCT_BUNDLE_IDENTIFIER = com.yazantarifi.GitlyTests;
				PRODUCT_NAME = "$(TARGET_NAME)";
				SWIFT_EMIT_LOC_STRINGS = NO;
				SWIFT_VERSION = 5.0;
				TARGETED_DEVICE_FAMILY = "1,2";
				TEST_HOST = "$(BUILT_PRODUCTS_DIR)/Gitly.app/$(BUNDLE_EXECUTABLE_FOLDER_PATH)/Gitly";
			};
			name = Release;
		};
		8AD606C82B2498850058E90A /* Debug */ = {
			isa = XCBuildConfiguration;
			buildSettings = {
				ALWAYS_EMBED_SWIFT_STANDARD_LIBRARIES = YES;
				CODE_SIGN_STYLE = Automatic;
				CURRENT_PROJECT_VERSION = 1;
				DEVELOPMENT_TEAM = U579RMQ3VY;
				GENERATE_INFOPLIST_FILE = YES;
				MARKETING_VERSION = 1.0;
				PRODUCT_BUNDLE_IDENTIFIER = com.yazantarifi.GitlyUITests;
				PRODUCT_NAME = "$(TARGET_NAME)";
				SWIFT_EMIT_LOC_STRINGS = NO;
				SWIFT_VERSION = 5.0;
				TARGETED_DEVICE_FAMILY = "1,2";
				TEST_TARGET_NAME = Gitly;
			};
			name = Debug;
		};
		8AD606C92B2498850058E90A /* Release */ = {
			isa = XCBuildConfiguration;
			buildSettings = {
				ALWAYS_EMBED_SWIFT_STANDARD_LIBRARIES = YES;
				CODE_SIGN_STYLE = Automatic;
				CURRENT_PROJECT_VERSION = 1;
				DEVELOPMENT_TEAM = U579RMQ3VY;
				GENERATE_INFOPLIST_FILE = YES;
				MARKETING_VERSION = 1.0;
				PRODUCT_BUNDLE_IDENTIFIER = com.yazantarifi.GitlyUITests;
				PRODUCT_NAME = "$(TARGET_NAME)";
				SWIFT_EMIT_LOC_STRINGS = NO;
				SWIFT_VERSION = 5.0;
				TARGETED_DEVICE_FAMILY = "1,2";
				TEST_TARGET_NAME = Gitly;
			};
			name = Release;
		};
/* End XCBuildConfiguration section */

/* Begin XCConfigurationList section */
		8AD606962B2498840058E90A /* Build configuration list for PBXProject "Gitly" */ = {
			isa = XCConfigurationList;
			buildConfigurations = (
				8AD606BF2B2498850058E90A /* Debug */,
				8AD606C02B2498850058E90A /* Release */,
			);
			defaultConfigurationIsVisible = 0;
			defaultConfigurationName = Release;
		};
		8AD606C12B2498850058E90A /* Build configuration list for PBXNativeTarget "Gitly" */ = {
			isa = XCConfigurationList;
			buildConfigurations = (
				8AD606C22B2498850058E90A /* Debug */,
				8AD606C32B2498850058E90A /* Release */,
			);
			defaultConfigurationIsVisible = 0;
			defaultConfigurationName = Release;
		};
		8AD606C42B2498850058E90A /* Build configuration list for PBXNativeTarget "GitlyTests" */ = {
			isa = XCConfigurationList;
			buildConfigurations = (
				8AD606C52B2498850058E90A /* Debug */,
				8AD606C62B2498850058E90A /* Release */,
			);
			defaultConfigurationIsVisible = 0;
			defaultConfigurationName = Release;
		};
		8AD606C72B2498850058E90A /* Build configuration list for PBXNativeTarget "GitlyUITests" */ = {
			isa = XCConfigurationList;
			buildConfigurations = (
				8AD606C82B2498850058E90A /* Debug */,
				8AD606C92B2498850058E90A /* Release */,
			);
			defaultConfigurationIsVisible = 0;
			defaultConfigurationName = Release;
		};
/* End XCConfigurationList section */

/* Begin XCRemoteSwiftPackageReference section */
		8A6711F62B263D2B006D4698 /* XCRemoteSwiftPackageReference "apollo-ios" */ = {
			isa = XCRemoteSwiftPackageReference;
			repositoryURL = "https://github.com/apollographql/apollo-ios.git";
			requirement = {
				kind = upToNextMajorVersion;
				minimumVersion = 1.7.1;
			};
		};
/* End XCRemoteSwiftPackageReference section */

/* Begin XCSwiftPackageProductDependency section */
		8A44AF432B264F7200B03DDD /* Apollo */ = {
			isa = XCSwiftPackageProductDependency;
			package = 8A6711F62B263D2B006D4698 /* XCRemoteSwiftPackageReference "apollo-ios" */;
			productName = Apollo;
		};
		8ACEDB3C2B26597B002B573D /* GithubGraphQlApi */ = {
			isa = XCSwiftPackageProductDependency;
			productName = GithubGraphQlApi;
		};
/* End XCSwiftPackageProductDependency section */
	};
	rootObject = 8AD606932B2498840058E90A /* Project object */;
}
